// !$*UTF8*$!
{
	archiveVersion = 1;
	classes = {
	};
	objectVersion = 46;
	objects = {

/* Begin PBXBuildFile section */
		94A6A7741D46963C00110D1B /* AppDelegate.swift in Sources */ = {isa = PBXBuildFile; fileRef = 94A6A7731D46963C00110D1B /* AppDelegate.swift */; };
		94A6A7761D46963C00110D1B /* ViewController.swift in Sources */ = {isa = PBXBuildFile; fileRef = 94A6A7751D46963C00110D1B /* ViewController.swift */; };
		94A6A7791D46963C00110D1B /* Main.storyboard in Resources */ = {isa = PBXBuildFile; fileRef = 94A6A7771D46963C00110D1B /* Main.storyboard */; };
		94A6A77C1D46963C00110D1B /* GitTutorial01.xcdatamodeld in Sources */ = {isa = PBXBuildFile; fileRef = 94A6A77A1D46963C00110D1B /* GitTutorial01.xcdatamodeld */; };
		94A6A77E1D46963C00110D1B /* Assets.xcassets in Resources */ = {isa = PBXBuildFile; fileRef = 94A6A77D1D46963C00110D1B /* Assets.xcassets */; };
		94A6A7811D46963C00110D1B /* LaunchScreen.storyboard in Resources */ = {isa = PBXBuildFile; fileRef = 94A6A77F1D46963C00110D1B /* LaunchScreen.storyboard */; };
/* End PBXBuildFile section */

/* Begin PBXFileReference section */
		94A6A7701D46963C00110D1B /* GitTutorial01.app */ = {isa = PBXFileReference; explicitFileType = wrapper.application; includeInIndex = 0; path = GitTutorial01.app; sourceTree = BUILT_PRODUCTS_DIR; };
		94A6A7731D46963C00110D1B /* AppDelegate.swift */ = {isa = PBXFileReference; lastKnownFileType = sourcecode.swift; path = AppDelegate.swift; sourceTree = "<group>"; };
		94A6A7751D46963C00110D1B /* ViewController.swift */ = {isa = PBXFileReference; lastKnownFileType = sourcecode.swift; path = ViewController.swift; sourceTree = "<group>"; };
		94A6A7781D46963C00110D1B /* Base */ = {isa = PBXFileReference; lastKnownFileType = file.storyboard; name = Base; path = Base.lproj/Main.storyboard; sourceTree = "<group>"; };
		94A6A77B1D46963C00110D1B /* GitTutorial01.xcdatamodel */ = {isa = PBXFileReference; lastKnownFileType = wrapper.xcdatamodel; path = GitTutorial01.xcdatamodel; sourceTree = "<group>"; };
		94A6A77D1D46963C00110D1B /* Assets.xcassets */ = {isa = PBXFileReference; lastKnownFileType = folder.assetcatalog; path = Assets.xcassets; sourceTree = "<group>"; };
		94A6A7801D46963C00110D1B /* Base */ = {isa = PBXFileReference; lastKnownFileType = file.storyboard; name = Base; path = Base.lproj/LaunchScreen.storyboard; sourceTree = "<group>"; };
		94A6A7821D46963C00110D1B /* Info.plist */ = {isa = PBXFileReference; lastKnownFileType = text.plist.xml; path = Info.plist; sourceTree = "<group>"; };
/* End PBXFileReference section */

/* Begin PBXFrameworksBuildPhase section */
		94A6A76D1D46963C00110D1B /* Frameworks */ = {
			isa = PBXFrameworksBuildPhase;
			buildActionMask = 2147483647;
			files = (
			);
			runOnlyForDeploymentPostprocessing = 0;
		};
/* End PBXFrameworksBuildPhase section */

/* Begin PBXGroup section */
		94A6A7671D46963C00110D1B = {
			isa = PBXGroup;
			children = (
				94A6A7721D46963C00110D1B /* GitTutorial01 */,
				94A6A7711D46963C00110D1B /* Products */,
			);
			sourceTree = "<group>";
		};
		94A6A7711D46963C00110D1B /* Products */ = {
			isa = PBXGroup;
			children = (
				94A6A7701D46963C00110D1B /* GitTutorial01.app */,
			);
			name = Products;
			sourceTree = "<group>";
		};
		94A6A7721D46963C00110D1B /* GitTutorial01 */ = {
			isa = PBXGroup;
			children = (
				94A6A7731D46963C00110D1B /* AppDelegate.swift */,
				94A6A7751D46963C00110D1B /* ViewController.swift */,
				94A6A7771D46963C00110D1B /* Main.storyboard */,
				94A6A77D1D46963C00110D1B /* Assets.xcassets */,
				94A6A77F1D46963C00110D1B /* LaunchScreen.storyboard */,
				94A6A7821D46963C00110D1B /* Info.plist */,
				94A6A77A1D46963C00110D1B /* GitTutorial01.xcdatamodeld */,
			);
			path = GitTutorial01;
			sourceTree = "<group>";
		};
/* End PBXGroup section */

/* Begin PBXNativeTarget section */
		94A6A76F1D46963C00110D1B /* GitTutorial01 */ = {
			isa = PBXNativeTarget;
			buildConfigurationList = 94A6A7851D46963C00110D1B /* Build configuration list for PBXNativeTarget "GitTutorial01" */;
			buildPhases = (
				94A6A76C1D46963C00110D1B /* Sources */,
				94A6A76D1D46963C00110D1B /* Frameworks */,
				94A6A76E1D46963C00110D1B /* Resources */,
			);
			buildRules = (
			);
			dependencies = (
			);
			name = GitTutorial01;
			productName = GitTutorial01;
			productReference = 94A6A7701D46963C00110D1B /* GitTutorial01.app */;
			productType = "com.apple.product-type.application";
		};
/* End PBXNativeTarget section */

/* Begin PBXProject section */
		94A6A7681D46963C00110D1B /* Project object */ = {
			isa = PBXProject;
			attributes = {
				LastSwiftUpdateCheck = 0730;
				LastUpgradeCheck = 0730;
				ORGANIZATIONNAME = "Norman Shilston";
				TargetAttributes = {
					94A6A76F1D46963C00110D1B = {
						CreatedOnToolsVersion = 7.3.1;
						DevelopmentTeam = AWWH9C5A8Z;
					};
				};
			};
			buildConfigurationList = 94A6A76B1D46963C00110D1B /* Build configuration list for PBXProject "GitTutorial01" */;
			compatibilityVersion = "Xcode 3.2";
			developmentRegion = English;
			hasScannedForEncodings = 0;
			knownRegions = (
				en,
				Base,
			);
			mainGroup = 94A6A7671D46963C00110D1B;
			productRefGroup = 94A6A7711D46963C00110D1B /* Products */;
			projectDirPath = "";
			projectRoot = "";
			targets = (
				94A6A76F1D46963C00110D1B /* GitTutorial01 */,
			);
		};
/* End PBXProject section */

/* Begin PBXResourcesBuildPhase section */
		94A6A76E1D46963C00110D1B /* Resources */ = {
			isa = PBXResourcesBuildPhase;
			buildActionMask = 2147483647;
			files = (
				94A6A7811D46963C00110D1B /* LaunchScreen.storyboard in Resources */,
				94A6A77E1D46963C00110D1B /* Assets.xcassets in Resources */,
				94A6A7791D46963C00110D1B /* Main.storyboard in Resources */,
			);
			runOnlyForDeploymentPostprocessing = 0;
		};
/* End PBXResourcesBuildPhase section */

/* Begin PBXSourcesBuildPhase section */
		94A6A76C1D46963C00110D1B /* Sources */ = {
			isa = PBXSourcesBuildPhase;
			buildActionMask = 2147483647;
			files = (
				94A6A7761D46963C00110D1B /* ViewController.swift in Sources */,
				94A6A77C1D46963C00110D1B /* GitTutorial01.xcdatamodeld in Sources */,
				94A6A7741D46963C00110D1B /* AppDelegate.swift in Sources */,
			);
			runOnlyForDeploymentPostprocessing = 0;
		};
/* End PBXSourcesBuildPhase section */

/* Begin PBXVariantGroup section */
		94A6A7771D46963C00110D1B /* Main.storyboard */ = {
			isa = PBXVariantGroup;
			children = (
				94A6A7781D46963C00110D1B /* Base */,
			);
			name = Main.storyboard;
			sourceTree = "<group>";
		};
		94A6A77F1D46963C00110D1B /* LaunchScreen.storyboard */ = {
			isa = PBXVariantGroup;
			children = (
				94A6A7801D46963C00110D1B /* Base */,
			);
			name = LaunchScreen.storyboard;
			sourceTree = "<group>";
		};
/* End PBXVariantGroup section */

/* Begin XCBuildConfiguration section */
		94A6A7831D46963C00110D1B /* Debug */ = {
			isa = XCBuildConfiguration;
			buildSettings = {
				ALWAYS_SEARCH_USER_PATHS = NO;
				CLANG_ANALYZER_NONNULL = YES;
				CLANG_CXX_LANGUAGE_STANDARD = "gnu++0x";
				CLANG_CXX_LIBRARY = "libc++";
				CLANG_ENABLE_MODULES = YES;
				CLANG_ENABLE_OBJC_ARC = YES;
				CLANG_WARN_BOOL_CONVERSION = YES;
				CLANG_WARN_CONSTANT_CONVERSION = YES;
				CLANG_WARN_DIRECT_OBJC_ISA_USAGE = YES_ERROR;
				CLANG_WARN_EMPTY_BODY = YES;
				CLANG_WARN_ENUM_CONVERSION = YES;
				CLANG_WARN_INT_CONVERSION = YES;
				CLANG_WARN_OBJC_ROOT_CLASS = YES_ERROR;
				CLANG_WARN_UNREACHABLE_CODE = YES;
				CLANG_WARN__DUPLICATE_METHOD_MATCH = YES;
				"CODE_SIGN_IDENTITY[sdk=iphoneos*]" = "iPhone Developer";
				COPY_PHASE_STRIP = NO;
				DEBUG_INFORMATION_FORMAT = dwarf;
				ENABLE_STRICT_OBJC_MSGSEND = YES;
				ENABLE_TESTABILITY = YES;
				GCC_C_LANGUAGE_STANDARD = gnu99;
				GCC_DYNAMIC_NO_PIC = NO;
				GCC_NO_COMMON_BLOCKS = YES;
				GCC_OPTIMIZATION_LEVEL = 0;
				GCC_PREPROCESSOR_DEFINITIONS = (
					"DEBUG=1",
					"$(inherited)",
				);
				GCC_WARN_64_TO_32_BIT_CONVERSION = YES;
				GCC_WARN_ABOUT_RETURN_TYPE = YES_ERROR;
				GCC_WARN_UNDECLARED_SELECTOR = YES;
				GCC_WARN_UNINITIALIZED_AUTOS = YES_AGGRESSIVE;
				GCC_WARN_UNUSED_FUNCTION = YES;
				GCC_WARN_UNUSED_VARIABLE = YES;
				IPHONEOS_DEPLOYMENT_TARGET = 9.3;
				MTL_ENABLE_DEBUG_INFO = YES;
				ONLY_ACTIVE_ARCH = YES;
				SDKROOT = iphoneos;
				SWIFT_OPTIMIZATION_LEVEL = "-Onone";
				TARGETED_DEVICE_FAMILY = "1,2";
			};
			name = Debug;
		};
		94A6A7841D46963C00110D1B /* Release */ = {
			isa = XCBuildConfiguration;
			buildSettings = {
				ALWAYS_SEARCH_USER_PATHS = NO;
				CLANG_ANALYZER_NONNULL = YES;
				CLANG_CXX_LANGUAGE_STANDARD = "gnu++0x";
				CLANG_CXX_LIBRARY = "libc++";
				CLANG_ENABLE_MODULES = YES;
				CLANG_ENABLE_OBJC_ARC = YES;
				CLANG_WARN_BOOL_CONVERSION = YES;
				CLANG_WARN_CONSTANT_CONVERSION = YES;
				CLANG_WARN_DIRECT_OBJC_ISA_USAGE = YES_ERROR;
				CLANG_WARN_EMPTY_BODY = YES;
				CLANG_WARN_ENUM_CONVERSION = YES;
				CLANG_WARN_INT_CONVERSION = YES;
				CLANG_WARN_OBJC_ROOT_CLASS = YES_ERROR;
				CLANG_WARN_UNREACHABLE_CODE = YES;
				CLANG_WARN__DUPLICATE_METHOD_MATCH = YES;
				"CODE_SIGN_IDENTITY[sdk=iphoneos*]" = "iPhone Developer";
				COPY_PHASE_STRIP = NO;
				DEBUG_INFORMATION_FORMAT = "dwarf-with-dsym";
				ENABLE_NS_ASSERTIONS = NO;
				ENABLE_STRICT_OBJC_MSGSEND = YES;
				GCC_C_LANGUAGE_STANDARD = gnu99;
				GCC_NO_COMMON_BLOCKS = YES;
				GCC_WARN_64_TO_32_BIT_CONVERSION = YES;
				GCC_WARN_ABOUT_RETURN_TYPE = YES_ERROR;
				GCC_WARN_UNDECLARED_SELECTOR = YES;
				GCC_WARN_UNINITIALIZED_AUTOS = YES_AGGRESSIVE;
				GCC_WARN_UNUSED_FUNCTION = YES;
				GCC_WARN_UNUSED_VARIABLE = YES;
				IPHONEOS_DEPLOYMENT_TARGET = 9.3;
				MTL_ENABLE_DEBUG_INFO = NO;
				SDKROOT = iphoneos;
				TARGETED_DEVICE_FAMILY = "1,2";
				VALIDATE_PRODUCT = YES;
			};
			name = Release;
		};
		94A6A7861D46963C00110D1B /* Debug */ = {
			isa = XCBuildConfiguration;
			buildSettings = {
				ASSETCATALOG_COMPILER_APPICON_NAME = AppIcon;
				INFOPLIST_FILE = GitTutorial01/Info.plist;
				LD_RUNPATH_SEARCH_PATHS = "$(inherited) @executable_path/Frameworks";
				PRODUCT_BUNDLE_IDENTIFIER = com.shilston.GitTutorial01;
				PRODUCT_NAME = "$(TARGET_NAME)";
			};
			name = Debug;
		};
		94A6A7871D46963C00110D1B /* Release */ = {
			isa = XCBuildConfiguration;
			buildSettings = {
				ASSETCATALOG_COMPILER_APPICON_NAME = AppIcon;
				INFOPLIST_FILE = GitTutorial01/Info.plist;
				LD_RUNPATH_SEARCH_PATHS = "$(inherited) @executable_path/Frameworks";
				PRODUCT_BUNDLE_IDENTIFIER = com.shilston.GitTutorial01;
				PRODUCT_NAME = "$(TARGET_NAME)";
			};
			name = Release;
		};
/* End XCBuildConfiguration section */

/* Begin XCConfigurationList section */
		94A6A76B1D46963C00110D1B /* Build configuration list for PBXProject "GitTutorial01" */ = {
			isa = XCConfigurationList;
			buildConfigurations = (
				94A6A7831D46963C00110D1B /* Debug */,
				94A6A7841D46963C00110D1B /* Release */,
			);
			defaultConfigurationIsVisible = 0;
			defaultConfigurationName = Release;
		};
		94A6A7851D46963C00110D1B /* Build configuration list for PBXNativeTarget "GitTutorial01" */ = {
			isa = XCConfigurationList;
			buildConfigurations = (
				94A6A7861D46963C00110D1B /* Debug */,
				94A6A7871D46963C00110D1B /* Release */,
			);
			defaultConfigurationIsVisible = 0;
		};
/* End XCConfigurationList section */

/* Begin XCVersionGroup section */
		94A6A77A1D46963C00110D1B /* GitTutorial01.xcdatamodeld */ = {
			isa = XCVersionGroup;
			children = (
				94A6A77B1D46963C00110D1B /* GitTutorial01.xcdatamodel */,
			);
			currentVersion = 94A6A77B1D46963C00110D1B /* GitTutorial01.xcdatamodel */;
			path = GitTutorial01.xcdatamodeld;
			sourceTree = "<group>";
			versionGroupType = wrapper.xcdatamodel;
		};
/* End XCVersionGroup section */
	};
	rootObject = 94A6A7681D46963C00110D1B /* Project object */;
}
